{
  "name": "api",
  "version": "1.0.0",
  "lockfileVersion": 3,
  "requires": true,
  "packages": {
    "": {
      "name": "api",
      "version": "1.0.0",
      "license": "ISC",
      "dependencies": {
        "cors": "^2.8.6",
        "dotenv": "^17.4.2",
        "express": "^5.2.1"
      },
      "devDependencies": {
        "eslint": "^8.57.1",
        "eslint-config-airbnb": "^19.0.4",
        "eslint-config-prettier": "^10.1.8",
        "eslint-plugin-import": "^2.32.0",
        "eslint-plugin-jsx-a11y": "^6.10.2",
        "eslint-plugin-node": "^11.1.0",
        "eslint-plugin-prettier": "^5.5.5",
        "eslint-plugin-react": "^7.37.5",
        "nodemon": "^3.1.14"
      }
    },
    "../../node_modules/.pnpm/cors@2.8.6/node_modules/cors": {
      "version": "2.8.6",
      "license": "MIT",
      "dependencies": {
        "object-assign": "^4",
        "vary": "^1"
      },
      "devDependencies": {
        "after": "0.8.2",
        "eslint": "7.30.0",
        "express": "4.21.2",
        "mocha": "9.2.2",
        "nyc": "15.1.0",
        "supertest": "6.1.3"
      },
      "engines": {
        "node": ">= 0.10"
      },
      "funding": {
        "type": "opencollective",
        "url": "https://opencollective.com/express"
      }
    },
    "../../node_modules/.pnpm/dotenv@17.4.2/node_modules/dotenv": {
      "version": "17.4.2",
      "license": "BSD-2-Clause",
      "devDependencies": {
        "@types/node": "^18.11.3",
        "decache": "^4.6.2",
        "sinon": "^14.0.1",
        "standard": "^17.0.0",
        "standard-version": "^9.5.0",
        "tap": "^19.2.0",
        "typescript": "^4.8.4"
      },
      "engines": {
        "node": ">=12"
      },
      "funding": {
        "url": "https://dotenvx.com"
      }
    },
    "../../node_modules/.pnpm/eslint-config-airbnb@19.0.4_eslint-plugin-import@2.32.0_eslint@8.57.1__eslint-plugin-js_850ff2779834bd1ce424382aa450a128/node_modules/eslint-config-airbnb": {
      "version": "19.0.4",
      "dev": true,
      "license": "MIT",
      "dependencies": {
        "eslint-config-airbnb-base": "^15.0.0",
        "object.assign": "^4.1.2",
        "object.entries": "^1.1.5"
      },
      "devDependencies": {
        "@babel/runtime": "^7.16.3",
        "babel-preset-airbnb": "^4.5.0",
        "babel-tape-runner": "^3.0.0",
        "eclint": "^2.8.1",
        "eslint": "^7.32.0 || ^8.2.0",
        "eslint-find-rules": "^4.0.0",
        "eslint-plugin-import": "^2.25.3",
        "eslint-plugin-jsx-a11y": "^6.5.1",
        "eslint-plugin-react": "^7.28.0",
        "eslint-plugin-react-hooks": "^4.3.0",
        "in-publish": "^2.0.1",
        "react": ">= 0.13.0",
        "safe-publish-latest": "^2.0.0",
        "tape": "^5.3.2"
      },
      "engines": {
        "node": "^10.12.0 || ^12.22.0 || ^14.17.0 || >=16.0.0"
      },
      "peerDependencies": {
        "eslint": "^7.32.0 || ^8.2.0",
        "eslint-plugin-import": "^2.25.3",
        "eslint-plugin-jsx-a11y": "^6.5.1",
        "eslint-plugin-react": "^7.28.0",
        "eslint-plugin-react-hooks": "^4.3.0"
      }
    },
    "../../node_modules/.pnpm/eslint-config-prettier@10.1.8_eslint@8.57.1/node_modules/eslint-config-prettier": {
      "version": "10.1.8",
      "dev": true,
      "license": "MIT",
      "bin": {
        "eslint-config-prettier": "bin/cli.js"
      },
      "funding": {
        "url": "https://opencollective.com/eslint-config-prettier"
      },
      "peerDependencies": {
        "eslint": ">=7.0.0"
      }
    },
    "../../node_modules/.pnpm/eslint-plugin-import@2.32.0_eslint@8.57.1/node_modules/eslint-plugin-import": {
      "version": "2.32.0",
      "dev": true,
      "license": "MIT",
      "dependencies": {
        "@rtsao/scc": "^1.1.0",
        "array-includes": "^3.1.9",
        "array.prototype.findlastindex": "^1.2.6",
        "array.prototype.flat": "^1.3.3",
        "array.prototype.flatmap": "^1.3.3",
        "debug": "^3.2.7",
        "doctrine": "^2.1.0",
        "eslint-import-resolver-node": "^0.3.9",
        "eslint-module-utils": "^2.12.1",
        "hasown": "^2.0.2",
        "is-core-module": "^2.16.1",
        "is-glob": "^4.0.3",
        "minimatch": "^3.1.2",
        "object.fromentries": "^2.0.8",
        "object.groupby": "^1.0.3",
        "object.values": "^1.2.1",
        "semver": "^6.3.1",
        "string.prototype.trimend": "^1.0.9",
        "tsconfig-paths": "^3.15.0"
      },
      "devDependencies": {
        "@angular-eslint/template-parser": "^13.5.0",
        "@eslint/import-test-order-redirect-scoped": "file:./tests/files/order-redirect-scoped",
        "@test-scope/some-module": "file:./tests/files/symlinked-module",
        "@types/eslint": "^8.56.12",
        "@typescript-eslint/parser": "^2.23.0 || ^3.3.0 || ^4.29.3 || ^5.10.0",
        "babel-cli": "^6.26.0",
        "babel-core": "^6.26.3",
        "babel-eslint": "=8.0.3 || ^8.2.6",
        "babel-plugin-istanbul": "^4.1.6",
        "babel-plugin-module-resolver": "^2.7.1",
        "babel-preset-airbnb": "^2.6.0",
        "babel-preset-flow": "^6.23.0",
        "babel-register": "^6.26.0",
        "babylon": "^6.18.0",
        "chai": "^4.3.10",
        "cross-env": "^4.0.0",
        "escope": "^3.6.0",
        "eslint": "^2 || ^3 || ^4 || ^5 || ^6 || ^7.2.0 || ^8 || ^9",
        "eslint-doc-generator": "^1.6.1",
        "eslint-import-resolver-node": "file:./resolvers/node",
        "eslint-import-resolver-typescript": "^1.0.2 || ^1.1.1",
        "eslint-import-resolver-webpack": "file:./resolvers/webpack",
        "eslint-import-test-order-redirect": "file:./tests/files/order-redirect",
        "eslint-module-utils": "file:./utils",
        "eslint-plugin-eslint-plugin": "^2.3.0",
        "eslint-plugin-import": "2.x",
        "eslint-plugin-json": "^2.1.2",
        "find-babel-config": "=1.2.0",
        "fs-copy-file-sync": "^1.1.1",
        "glob": "^7.2.3",
        "in-publish": "^2.0.1",
        "jackspeak": "=2.1.1",
        "jsonc-parser": "=3.2.0",
        "linklocal": "^2.8.2",
        "lodash.isarray": "^4.0.0",
        "markdownlint-cli": "~0.35",
        "mocha": "^3.5.3",
        "npm-which": "^3.0.1",
        "nyc": "^11.9.0",
        "redux": "^3.7.2",
        "rimraf": "^2.7.1",
        "safe-publish-latest": "^2.0.0",
        "sinon": "^2.4.1",
        "tmp": "^0.2.1",
        "typescript": "^2.8.1 || ~3.9.5 || ~4.5.2",
        "typescript-eslint-parser": "^15 || ^20 || ^22"
      },
      "engines": {
        "node": ">=4"
      },
      "peerDependencies": {
        "eslint": "^2 || ^3 || ^4 || ^5 || ^6 || ^7.2.0 || ^8 || ^9"
      }
    },
    "../../node_modules/.pnpm/eslint-plugin-jsx-a11y@6.10.2_eslint@8.57.1/node_modules/eslint-plugin-jsx-a11y": {
      "version": "6.10.2",
      "dev": true,
      "license": "MIT",
      "dependencies": {
        "aria-query": "^5.3.2",
        "array-includes": "^3.1.8",
        "array.prototype.flatmap": "^1.3.2",
        "ast-types-flow": "^0.0.8",
        "axe-core": "^4.10.0",
        "axobject-query": "^4.1.0",
        "damerau-levenshtein": "^1.0.8",
        "emoji-regex": "^9.2.2",
        "hasown": "^2.0.2",
        "jsx-ast-utils": "^3.3.5",
        "language-tags": "^1.0.9",
        "minimatch": "^3.1.2",
        "object.fromentries": "^2.0.8",
        "safe-regex-test": "^1.0.3",
        "string.prototype.includes": "^2.0.1"
      },
      "devDependencies": {
        "@babel/cli": "^7.25.9",
        "@babel/core": "^7.26.0",
        "@babel/eslint-parser": "^7.25.9",
        "@babel/plugin-transform-flow-strip-types": "^7.25.9",
        "@babel/register": "^7.25.9",
        "auto-changelog": "^2.5.0",
        "babel-plugin-add-module-exports": "^1.0.4",
        "babel-preset-airbnb": "^5.0.0",
        "eslint": "^3 || ^4 || ^5 || ^6 || ^7 || ^8 || ^9",
        "eslint-config-airbnb-base": "^15.0.0",
        "eslint-doc-generator": "^1.7.1",
        "eslint-plugin-eslint-plugin": "^4.3.0",
        "eslint-plugin-flowtype": "^5.8.0 || ^8.0.3",
        "eslint-plugin-import": "^2.31.0",
        "estraverse": "^5.3.0",
        "flow-bin": "^0.147.0",
        "in-publish": "^2.0.1",
        "jackspeak": "=2.1.1",
        "jscodeshift": "^17.0.0",
        "minimist": "^1.2.8",
        "npmignore": "^0.3.1",
        "object.assign": "^4.1.5",
        "object.entries": "^1.1.8",
        "rimraf": "^3.0.2",
        "safe-publish-latest": "^2.0.0",
        "semver": "^6.3.1",
        "tape": "^5.9.0",
        "to-ast": "^1.0.0"
      },
      "engines": {
        "node": ">=4.0"
      },
      "peerDependencies": {
        "eslint": "^3 || ^4 || ^5 || ^6 || ^7 || ^8 || ^9"
      }
    },
    "../../node_modules/.pnpm/eslint-plugin-node@11.1.0_eslint@8.57.1/node_modules/eslint-plugin-node": {
      "version": "11.1.0",
      "dev": true,
      "license": "MIT",
      "dependencies": {
        "eslint-plugin-es": "^3.0.0",
        "eslint-utils": "^2.0.0",
        "ignore": "^5.1.1",
        "minimatch": "^3.0.4",
        "resolve": "^1.10.1",
        "semver": "^6.1.0"
      },
      "devDependencies": {
        "@mysticatea/eslint-plugin": "^10.0.3",
        "codecov": "^3.3.0",
        "eslint": "^6.3.0",
        "eslint-plugin-node": "file:.",
        "fast-glob": "^2.2.6",
        "globals": "^11.12.0",
        "mocha": "^6.1.4",
        "nyc": "^14.0.0",
        "opener": "^1.5.1",
        "punycode": "^2.1.1",
        "rimraf": "^2.6.3"
      },
      "engines": {
        "node": ">=8.10.0"
      },
      "peerDependencies": {
        "eslint": ">=5.16.0"
      }
    },
    "../../node_modules/.pnpm/eslint-plugin-prettier@5.5.5_eslint-config-prettier@10.1.8_eslint@8.57.1__eslint@8.57.1_prettier@3.8.3/node_modules/eslint-plugin-prettier": {
      "version": "5.5.5",
      "dev": true,
      "license": "MIT",
      "dependencies": {
        "prettier-linter-helpers": "^1.0.1",
        "synckit": "^0.11.12"
      },
      "engines": {
        "node": "^14.18.0 || >=16.0.0"
      },
      "funding": {
        "url": "https://opencollective.com/eslint-plugin-prettier"
      },
      "peerDependencies": {
        "@types/eslint": ">=8.0.0",
        "eslint": ">=8.0.0",
        "eslint-config-prettier": ">= 7.0.0 <10.0.0 || >=10.1.0",
        "prettier": ">=3.0.0"
      },
      "peerDependenciesMeta": {
        "@types/eslint": {
          "optional": true
        },
        "eslint-config-prettier": {
          "optional": true
        }
      }
    },
    "../../node_modules/.pnpm/eslint-plugin-react@7.37.5_eslint@8.57.1/node_modules/eslint-plugin-react": {
      "version": "7.37.5",
      "dev": true,
      "license": "MIT",
      "dependencies": {
        "array-includes": "^3.1.8",
        "array.prototype.findlast": "^1.2.5",
        "array.prototype.flatmap": "^1.3.3",
        "array.prototype.tosorted": "^1.1.4",
        "doctrine": "^2.1.0",
        "es-iterator-helpers": "^1.2.1",
        "estraverse": "^5.3.0",
        "hasown": "^2.0.2",
        "jsx-ast-utils": "^2.4.1 || ^3.0.0",
        "minimatch": "^3.1.2",
        "object.entries": "^1.1.9",
        "object.fromentries": "^2.0.8",
        "object.values": "^1.2.1",
        "prop-types": "^15.8.1",
        "resolve": "^2.0.0-next.5",
        "semver": "^6.3.1",
        "string.prototype.matchall": "^4.0.12",
        "string.prototype.repeat": "^1.0.0"
      },
      "devDependencies": {
        "@babel/core": "^7.26.10",
        "@babel/eslint-parser": "^7.27.0",
        "@babel/plugin-syntax-decorators": "^7.25.9",
        "@babel/plugin-syntax-do-expressions": "^7.25.9",
        "@babel/plugin-syntax-function-bind": "^7.25.9",
        "@babel/preset-react": "^7.26.3",
        "@types/eslint": "=7.2.10",
        "@types/estree": "0.0.52",
        "@types/node": "^4.9.5",
        "@typescript-eslint/parser": "^2.34.0 || ^3.10.1 || ^4 || ^5 || ^6.20 || ^7.14.1 || 8.4 - 8.17",
        "babel-eslint": "^8 || ^9 || ^10.1.0",
        "eslint": "^3 || ^4 || ^5 || ^6 || ^7 || ^8 || ^9.7",
        "eslint-config-airbnb-base": "^15.0.0",
        "eslint-doc-generator": "^1.7.1",
        "eslint-plugin-eslint-plugin": "^2.3.0 || ^3.5.3 || ^4.0.1 || ^5.0.5",
        "eslint-plugin-import": "^2.31.0",
        "eslint-remote-tester": "^3.0.1",
        "eslint-remote-tester-repositories": "^1.0.1",
        "eslint-scope": "^3.7.3",
        "espree": "^3.5.4",
        "gfm-footnotes": "^1.0.1",
        "glob": "=10.3.7",
        "istanbul": "^0.4.5",
        "jackspeak": "=2.1.1",
        "ls-engines": "^0.8.1",
        "markdownlint-cli": "^0.8.0 || ^0.32.2",
        "mocha": "^5.2.0",
        "npmignore": "^0.3.1",
        "sinon": "^7.5.0",
        "typescript": "^3.9.9",
        "typescript-eslint-parser": "^20.1.1"
      },
      "engines": {
        "node": ">=4"
      },
      "peerDependencies": {
        "eslint": "^3 || ^4 || ^5 || ^6 || ^7 || ^8 || ^9.7"
      }
    },
    "../../node_modules/.pnpm/eslint@8.57.1/node_modules/eslint": {
      "version": "8.57.1",
      "dev": true,
      "license": "MIT",
      "dependencies": {
        "@eslint-community/eslint-utils": "^4.2.0",
        "@eslint-community/regexpp": "^4.6.1",
        "@eslint/eslintrc": "^2.1.4",
        "@eslint/js": "8.57.1",
        "@humanwhocodes/config-array": "^0.13.0",
        "@humanwhocodes/module-importer": "^1.0.1",
        "@nodelib/fs.walk": "^1.2.8",
        "@ungap/structured-clone": "^1.2.0",
        "ajv": "^6.12.4",
        "chalk": "^4.0.0",
        "cross-spawn": "^7.0.2",
        "debug": "^4.3.2",
        "doctrine": "^3.0.0",
        "escape-string-regexp": "^4.0.0",
        "eslint-scope": "^7.2.2",
        "eslint-visitor-keys": "^3.4.3",
        "espree": "^9.6.1",
        "esquery": "^1.4.2",
        "esutils": "^2.0.2",
        "fast-deep-equal": "^3.1.3",
        "file-entry-cache": "^6.0.1",
        "find-up": "^5.0.0",
        "glob-parent": "^6.0.2",
        "globals": "^13.19.0",
        "graphemer": "^1.4.0",
        "ignore": "^5.2.0",
        "imurmurhash": "^0.1.4",
        "is-glob": "^4.0.0",
        "is-path-inside": "^3.0.3",
        "js-yaml": "^4.1.0",
        "json-stable-stringify-without-jsonify": "^1.0.1",
        "levn": "^0.4.1",
        "lodash.merge": "^4.6.2",
        "minimatch": "^3.1.2",
        "natural-compare": "^1.4.0",
        "optionator": "^0.9.3",
        "strip-ansi": "^6.0.1",
        "text-table": "^0.2.0"
      },
      "bin": {
        "eslint": "bin/eslint.js"
      },
      "devDependencies": {
        "@babel/core": "^7.4.3",
        "@babel/preset-env": "^7.4.3",
        "@sinonjs/fake-timers": "11.2.2",
        "@wdio/browser-runner": "^8.14.6",
        "@wdio/cli": "^8.14.6",
        "@wdio/concise-reporter": "^8.14.0",
        "@wdio/globals": "^8.14.6",
        "@wdio/mocha-framework": "^8.14.0",
        "babel-loader": "^8.0.5",
        "c8": "^7.12.0",
        "chai": "^4.0.1",
        "cheerio": "^0.22.0",
        "common-tags": "^1.8.0",
        "core-js": "^3.1.3",
        "ejs": "^3.0.2",
        "eslint": "file:.",
        "eslint-config-eslint": "file:packages/eslint-config-eslint",
        "eslint-plugin-eslint-comments": "^3.2.0",
        "eslint-plugin-eslint-plugin": "^5.2.1",
        "eslint-plugin-internal-rules": "file:tools/internal-rules",
        "eslint-plugin-jsdoc": "^46.2.5",
        "eslint-plugin-n": "^16.6.0",
        "eslint-plugin-unicorn": "^49.0.0",
        "eslint-release": "^3.3.0",
        "eslump": "^3.0.0",
        "esprima": "^4.0.1",
        "fast-glob": "^3.2.11",
        "fs-teardown": "^0.1.3",
        "glob": "^7.1.6",
        "got": "^11.8.3",
        "gray-matter": "^4.0.3",
        "lint-staged": "^11.0.0",
        "load-perf": "^0.2.0",
        "markdown-it": "^12.2.0",
        "markdown-it-container": "^3.0.0",
        "markdownlint": "^0.32.0",
        "markdownlint-cli": "^0.37.0",
        "marked": "^4.0.8",
        "memfs": "^3.0.1",
        "metascraper": "^5.25.7",
        "metascraper-description": "^5.25.7",
        "metascraper-image": "^5.29.3",
        "metascraper-logo": "^5.25.7",
        "metascraper-logo-favicon": "^5.25.7",
        "metascraper-title": "^5.25.7",
        "mocha": "^8.3.2",
        "mocha-junit-reporter": "^2.0.0",
        "node-polyfill-webpack-plugin": "^1.0.3",
        "npm-license": "^0.3.3",
        "pirates": "^4.0.5",
        "progress": "^2.0.3",
        "proxyquire": "^2.0.1",
        "recast": "^0.23.0",
        "regenerator-runtime": "^0.14.0",
        "rollup-plugin-node-polyfills": "^0.2.1",
        "semver": "^7.5.3",
        "shelljs": "^0.8.2",
        "sinon": "^11.0.0",
        "vite-plugin-commonjs": "0.10.1",
        "webdriverio": "^8.14.6",
        "webpack": "^5.23.0",
        "webpack-cli": "^4.5.0",
        "yorkie": "^2.0.0"
      },
      "engines": {
        "node": "^12.22.0 || ^14.17.0 || >=16.0.0"
      },
      "funding": {
        "url": "https://opencollective.com/eslint"
      }
    },
    "../../node_modules/.pnpm/express@5.2.1/node_modules/express": {
      "version": "5.2.1",
      "license": "MIT",
      "dependencies": {
        "accepts": "^2.0.0",
        "body-parser": "^2.2.1",
        "content-disposition": "^1.0.0",
        "content-type": "^1.0.5",
        "cookie": "^0.7.1",
        "cookie-signature": "^1.2.1",
        "debug": "^4.4.0",
        "depd": "^2.0.0",
        "encodeurl": "^2.0.0",
        "escape-html": "^1.0.3",
        "etag": "^1.8.1",
        "finalhandler": "^2.1.0",
        "fresh": "^2.0.0",
        "http-errors": "^2.0.0",
        "merge-descriptors": "^2.0.0",
        "mime-types": "^3.0.0",
        "on-finished": "^2.4.1",
        "once": "^1.4.0",
        "parseurl": "^1.3.3",
        "proxy-addr": "^2.0.7",
        "qs": "^6.14.0",
        "range-parser": "^1.2.1",
        "router": "^2.2.0",
        "send": "^1.1.0",
        "serve-static": "^2.2.0",
        "statuses": "^2.0.1",
        "type-is": "^2.0.1",
        "vary": "^1.1.2"
      },
      "devDependencies": {
        "after": "0.8.2",
        "connect-redis": "^8.0.1",
        "cookie-parser": "1.4.7",
        "cookie-session": "2.1.1",
        "ejs": "^3.1.10",
        "eslint": "8.47.0",
        "express-session": "^1.18.1",
        "hbs": "4.2.0",
        "marked": "^15.0.3",
        "method-override": "3.0.0",
        "mocha": "^10.7.3",
        "morgan": "1.10.1",
        "nyc": "^17.1.0",
        "pbkdf2-password": "1.2.1",
        "supertest": "^6.3.0",
        "vhost": "~3.0.2"
      },
      "engines": {
        "node": ">= 18"
      },
      "funding": {
        "type": "opencollective",
        "url": "https://opencollective.com/express"
      }
    },
    "../../node_modules/.pnpm/nodemon@3.1.14/node_modules/nodemon": {
      "version": "3.1.14",
      "dev": true,
      "license": "MIT",
      "dependencies": {
        "chokidar": "^3.5.2",
        "debug": "^4",
        "ignore-by-default": "^1.0.1",
        "minimatch": "^10.2.1",
        "pstree.remy": "^1.1.8",
        "semver": "^7.5.3",
        "simple-update-notifier": "^2.0.0",
        "supports-color": "^5.5.0",
        "touch": "^3.1.0",
        "undefsafe": "^2.0.5"
      },
      "bin": {
        "nodemon": "bin/nodemon.js"
      },
      "devDependencies": {
        "@commitlint/cli": "^11.0.0",
        "@commitlint/config-conventional": "^11.0.0",
        "async": "1.4.2",
        "coffee-script": "~1.7.1",
        "eslint": "^7.32.0",
        "husky": "^7.0.4",
        "mocha": "^2.5.3",
        "nyc": "^15.1.0",
        "proxyquire": "^1.8.0",
        "semantic-release": "^25.0.0",
        "should": "~4.0.0"
      },
      "engines": {
        "node": ">=10"
      },
      "funding": {
        "type": "opencollective",
        "url": "https://opencollective.com/nodemon"
      }
    },
    "node_modules/cors": {
      "resolved": "../../node_modules/.pnpm/cors@2.8.6/node_modules/cors",
      "link": true
    },
    "node_modules/dotenv": {
      "resolved": "../../node_modules/.pnpm/dotenv@17.4.2/node_modules/dotenv",
      "link": true
    },
    "node_modules/eslint": {
      "resolved": "../../node_modules/.pnpm/eslint@8.57.1/node_modules/eslint",
      "link": true
    },
    "node_modules/eslint-config-airbnb": {
      "resolved": "../../node_modules/.pnpm/eslint-config-airbnb@19.0.4_eslint-plugin-import@2.32.0_eslint@8.57.1__eslint-plugin-js_850ff2779834bd1ce424382aa450a128/node_modules/eslint-config-airbnb",
      "link": true
    },
    "node_modules/eslint-config-prettier": {
      "resolved": "../../node_modules/.pnpm/eslint-config-prettier@10.1.8_eslint@8.57.1/node_modules/eslint-config-prettier",
      "link": true
    },
    "node_modules/eslint-plugin-import": {
      "resolved": "../../node_modules/.pnpm/eslint-plugin-import@2.32.0_eslint@8.57.1/node_modules/eslint-plugin-import",
      "link": true
    },
    "node_modules/eslint-plugin-jsx-a11y": {
      "resolved": "../../node_modules/.pnpm/eslint-plugin-jsx-a11y@6.10.2_eslint@8.57.1/node_modules/eslint-plugin-jsx-a11y",
      "link": true
    },
    "node_modules/eslint-plugin-node": {
      "resolved": "../../node_modules/.pnpm/eslint-plugin-node@11.1.0_eslint@8.57.1/node_modules/eslint-plugin-node",
      "link": true
    },
    "node_modules/eslint-plugin-prettier": {
      "resolved": "../../node_modules/.pnpm/eslint-plugin-prettier@5.5.5_eslint-config-prettier@10.1.8_eslint@8.57.1__eslint@8.57.1_prettier@3.8.3/node_modules/eslint-plugin-prettier",
      "link": true
    },
    "node_modules/eslint-plugin-react": {
      "resolved": "../../node_modules/.pnpm/eslint-plugin-react@7.37.5_eslint@8.57.1/node_modules/eslint-plugin-react",
      "link": true
    },
    "node_modules/express": {
      "resolved": "../../node_modules/.pnpm/express@5.2.1/node_modules/express",
      "link": true
    },
    "node_modules/nodemon": {
      "resolved": "../../node_modules/.pnpm/nodemon@3.1.14/node_modules/nodemon",
      "link": true
    }
  }
}
